PODS:
  - Masonry (1.1.0)
  - PoporDomainConfig (1.03):
    - Masonry
    - PoporFoundation/Prefix
    - PoporUI/IToast
    - PoporUI/UIImage
    - PoporUI/UINavigationController
    - PoporUI/UITextField
    - PoporUI/UIViewController
    - ReactiveObjC
    - YYCache
    - YYModel
  - PoporFoundation/NSArray (1.09):
    - PoporFoundation/NSObject
    - PoporFoundation/Prefix
  - PoporFoundation/NSObject (1.09)
  - PoporFoundation/NSString (1.09):
    - PoporFoundation/Os
  - PoporFoundation/Os (1.09)
  - PoporFoundation/Prefix (1.09):
    - PoporFoundation/Os
  - PoporUI/IToast (1.10):
    - PoporFoundation/NSString
  - PoporUI/UIImage (1.10)
  - PoporUI/UINavigationController (1.10)
  - PoporUI/UITextField (1.10):
    - PoporFoundation/NSObject
    - PoporFoundation/NSString
  - PoporUI/UIViewController (1.10):
    - PoporFoundation/NSObject
    - PoporFoundation/NSString
    - PoporFoundation/Prefix
  - ReactiveObjC (3.1.1)
  - YYCache (1.0.4)
  - YYModel (1.0.4)

DEPENDENCIES:
  - PoporDomainConfig (from `../`)
  - PoporFoundation/NSArray

SPEC REPOS:
  trunk:
    - Masonry
    - PoporFoundation
    - PoporUI
    - ReactiveObjC
    - YYCache
    - YYModel

EXTERNAL SOURCES:
  PoporDomainConfig:
    :path: "../"

SPEC CHECKSUMS:
  Masonry: 678fab65091a9290e40e2832a55e7ab731aad201
  PoporDomainConfig: c29de6a53aa12509e3660ab070c566462e877dbe
  PoporFoundation: f080da19da868487426639289bd3a263a7c65aea
  PoporUI: 3479332df777422196b57bf6c46c431d087df8da
  ReactiveObjC: 011caa393aa0383245f2dcf9bf02e86b80b36040
  YYCache: 8105b6638f5e849296c71f331ff83891a4942952
  YYModel: 2a7fdd96aaa4b86a824e26d0c517de8928c04b30

PODFILE CHECKSUM: 28ba66444fac8d9da871f59a661ad1f9c6293616

COCOAPODS: 1.8.4
