PODS:
  - JSONModel (1.8.0)
  - Masonry (1.1.0)
  - PoporDomainConfig (1.08):
    - Masonry
    - PoporFoundation/Prefix
    - PoporJsonModel
    - PoporUI/IToast
    - PoporUI/UIImage
    - PoporUI/UITextField
    - PoporUI/UIViewController
    - ReactiveObjC
    - YYCache
    - YYModel
  - PoporFoundation/NSArray (1.24):
    - PoporFoundation/NSObject
    - PoporFoundation/Prefix
  - PoporFoundation/NSObject (1.24)
  - PoporFoundation/NSString (1.24):
    - PoporFoundation/NSObject
    - PoporFoundation/Os
    - PoporFoundation/Prefix
  - PoporFoundation/Os (1.24)
  - PoporFoundation/Prefix (1.24):
    - PoporFoundation/Os
  - PoporJsonModel (0.04):
    - JSONModel
    - PoporFoundation/NSObject
  - PoporUI/IToast (1.25):
    - PoporFoundation/NSString
  - PoporUI/UIImage (1.25)
  - PoporUI/UITextField (1.25):
    - PoporFoundation/NSObject
    - PoporFoundation/NSString
  - PoporUI/UIViewController (1.25):
    - PoporFoundation/NSObject
    - PoporFoundation/NSString
    - PoporFoundation/Prefix
    - PoporUI/UIImage
  - ReactiveObjC (3.1.1)
  - YYCache (1.0.4)
  - YYModel (1.0.4)

DEPENDENCIES:
  - PoporDomainConfig (from `../`)
  - PoporFoundation/NSArray

SPEC REPOS:
  trunk:
    - JSONModel
    - Masonry
    - PoporFoundation
    - PoporJsonModel
    - PoporUI
    - ReactiveObjC
    - YYCache
    - YYModel

EXTERNAL SOURCES:
  PoporDomainConfig:
    :path: "../"

SPEC CHECKSUMS:
  JSONModel: 02ab723958366a3fd27da57ea2af2113658762e9
  Masonry: 678fab65091a9290e40e2832a55e7ab731aad201
  PoporDomainConfig: e85a1bf327fda49e1a4a94928881632a718b8701
  PoporFoundation: 0861e1064f0afb658c1254537e0447123f135ac3
  PoporJsonModel: e99396194a9b629907e14a134fe01677ed14b560
  PoporUI: cdbf0e5f0123099eec0966aa9a052fa41a319881
  ReactiveObjC: 011caa393aa0383245f2dcf9bf02e86b80b36040
  YYCache: 8105b6638f5e849296c71f331ff83891a4942952
  YYModel: 2a7fdd96aaa4b86a824e26d0c517de8928c04b30

PODFILE CHECKSUM: 4d19145da18a371952ca3797c3bc84d7d1bd3253

COCOAPODS: 1.10.1
