PODS:
  - JSONModel (1.8.0)
  - Masonry (1.1.0)
  - PoporDomainConfig (1.06):
    - Masonry
    - PoporFoundation/Prefix
    - PoporJsonModel
    - PoporUI/IToast
    - PoporUI/UIImage
    - PoporUI/UITextField
    - PoporUI/UIViewController
    - ReactiveObjC
    - YYCache
    - YYModel
  - PoporFoundation/NSArray (1.14):
    - PoporFoundation/NSObject
    - PoporFoundation/Prefix
  - PoporFoundation/NSObject (1.14)
  - PoporFoundation/NSString (1.14):
    - PoporFoundation/NSObject
    - PoporFoundation/Os
    - PoporFoundation/Prefix
  - PoporFoundation/Os (1.14)
  - PoporFoundation/Prefix (1.14):
    - PoporFoundation/Os
  - PoporJsonModel (0.04):
    - JSONModel
    - PoporFoundation/NSObject
  - PoporUI/IToast (1.14):
    - PoporFoundation/NSString
  - PoporUI/UIImage (1.14)
  - PoporUI/UITextField (1.14):
    - PoporFoundation/NSObject
    - PoporFoundation/NSString
  - PoporUI/UIViewController (1.14):
    - PoporFoundation/NSObject
    - PoporFoundation/NSString
    - PoporFoundation/Prefix
  - ReactiveObjC (3.1.1)
  - YYCache (1.0.4)
  - YYModel (1.0.4)

DEPENDENCIES:
  - PoporDomainConfig (from `../`)
  - PoporFoundation/NSArray

SPEC REPOS:
  https://github.com/CocoaPods/Specs.git:
    - JSONModel
    - Masonry
    - PoporFoundation
    - PoporJsonModel
    - PoporUI
    - ReactiveObjC
    - YYCache
    - YYModel

EXTERNAL SOURCES:
  PoporDomainConfig:
    :path: "../"

SPEC CHECKSUMS:
  JSONModel: 02ab723958366a3fd27da57ea2af2113658762e9
  Masonry: 678fab65091a9290e40e2832a55e7ab731aad201
  PoporDomainConfig: 458e3357d8127e8cde5f7f84b5b4647f121c1991
  PoporFoundation: 25f70450a23ad082beec1458185e993c16172ea4
  PoporJsonModel: e99396194a9b629907e14a134fe01677ed14b560
  PoporUI: 7c49a04cabefe2d017afbb73117b3c82f50bf6ac
  ReactiveObjC: 011caa393aa0383245f2dcf9bf02e86b80b36040
  YYCache: 8105b6638f5e849296c71f331ff83891a4942952
  YYModel: 2a7fdd96aaa4b86a824e26d0c517de8928c04b30

PODFILE CHECKSUM: f8a52ea89083256705cd5d0537c7376ba2085b16

COCOAPODS: 1.9.3
